
Microsoft Visual Studio Solution File, Format Version 12.00
# Visual Studio Version 17
VisualStudioVersion = 17.3.32819.101
MinimumVisualStudioVersion = 10.0.40219.1
Project("{9A19103F-16F7-4668-BE54-9A1E7A4F7556}") = "Zork", "Zork\Zork.csproj", "{CDC880A5-1764-42D6-A1FE-C9D3BBC5432B}"
EndProject
Project("{2150E333-8FDC-42A3-9474-1A3956D46DE8}") = "Solution Items", "Solution Items", "{3F86D429-AA99-4371-BC38-69C1930103B1}"
EndProject
Global
	GlobalSection(SolutionConfigurationPlatforms) = preSolution
		Debug|Any CPU = Debug|Any CPU
		Release|Any CPU = Release|Any CPU
	EndGlobalSection
	GlobalSection(ProjectConfigurationPlatforms) = postSolution
		{CDC880A5-1764-42D6-A1FE-C9D3BBC5432B}.Debug|Any CPU.ActiveCfg = Debug|Any CPU
		{CDC880A5-1764-42D6-A1FE-C9D3BBC5432B}.Debug|Any CPU.Build.0 = Debug|Any CPU
		{CDC880A5-1764-42D6-A1FE-C9D3BBC5432B}.Release|Any CPU.ActiveCfg = Release|Any CPU
		{CDC880A5-1764-42D6-A1FE-C9D3BBC5432B}.Release|Any CPU.Build.0 = Release|Any CPU
	EndGlobalSection
	GlobalSection(SolutionProperties) = preSolution
		HideSolutionNode = FALSE
	EndGlobalSection
	GlobalSection(ExtensibilityGlobals) = postSolution
		SolutionGuid = {2CD47221-781D-47AA-BF66-D7DD5693D3BE}
	EndGlobalSection
EndGlobal
